
Microsoft Visual Studio Solution File, Format Version 12.00
# Visual Studio Version 16
VisualStudioVersion = 16.0.32126.315
MinimumVisualStudioVersion = 10.0.40219.1
Project("{9A19103F-16F7-4668-BE54-9A1E7A4F7556}") = "ShopNet.Web", "ShopNet.Web\ShopNet.Web.csproj", "{5FE24A99-DD89-4EE7-B475-2CFD31435DF4}"
EndProject
Project("{FAE04EC0-301F-11D3-BF4B-00C04F79EFBC}") = "ShopNet.Domain", "ShopNet.Domain\ShopNet.Domain.csproj", "{D13AF228-4679-4355-869E-806679E838C6}"
EndProject
Project("{FAE04EC0-301F-11D3-BF4B-00C04F79EFBC}") = "ShopNet.Database", "ShopNet.Database\ShopNet.Database.csproj", "{20C32D11-08B7-4EA2-AE90-39FC4C59B647}"
EndProject
Project("{FAE04EC0-301F-11D3-BF4B-00C04F79EFBC}") = "ShopNet.Utility", "ShopNet.Utility\ShopNet.Utility.csproj", "{5CC7C09A-7D49-4056-A495-473D68E9A90D}"
EndProject
Global
	GlobalSection(SolutionConfigurationPlatforms) = preSolution
		Debug|Any CPU = Debug|Any CPU
		Release|Any CPU = Release|Any CPU
	EndGlobalSection
	GlobalSection(ProjectConfigurationPlatforms) = postSolution
		{5FE24A99-DD89-4EE7-B475-2CFD31435DF4}.Debug|Any CPU.ActiveCfg = Debug|Any CPU
		{5FE24A99-DD89-4EE7-B475-2CFD31435DF4}.Debug|Any CPU.Build.0 = Debug|Any CPU
		{5FE24A99-DD89-4EE7-B475-2CFD31435DF4}.Release|Any CPU.ActiveCfg = Release|Any CPU
		{5FE24A99-DD89-4EE7-B475-2CFD31435DF4}.Release|Any CPU.Build.0 = Release|Any CPU
		{D13AF228-4679-4355-869E-806679E838C6}.Debug|Any CPU.ActiveCfg = Debug|Any CPU
		{D13AF228-4679-4355-869E-806679E838C6}.Debug|Any CPU.Build.0 = Debug|Any CPU
		{D13AF228-4679-4355-869E-806679E838C6}.Release|Any CPU.ActiveCfg = Release|Any CPU
		{D13AF228-4679-4355-869E-806679E838C6}.Release|Any CPU.Build.0 = Release|Any CPU
		{20C32D11-08B7-4EA2-AE90-39FC4C59B647}.Debug|Any CPU.ActiveCfg = Debug|Any CPU
		{20C32D11-08B7-4EA2-AE90-39FC4C59B647}.Debug|Any CPU.Build.0 = Debug|Any CPU
		{20C32D11-08B7-4EA2-AE90-39FC4C59B647}.Release|Any CPU.ActiveCfg = Release|Any CPU
		{20C32D11-08B7-4EA2-AE90-39FC4C59B647}.Release|Any CPU.Build.0 = Release|Any CPU
		{5CC7C09A-7D49-4056-A495-473D68E9A90D}.Debug|Any CPU.ActiveCfg = Debug|Any CPU
		{5CC7C09A-7D49-4056-A495-473D68E9A90D}.Debug|Any CPU.Build.0 = Debug|Any CPU
		{5CC7C09A-7D49-4056-A495-473D68E9A90D}.Release|Any CPU.ActiveCfg = Release|Any CPU
		{5CC7C09A-7D49-4056-A495-473D68E9A90D}.Release|Any CPU.Build.0 = Release|Any CPU
	EndGlobalSection
	GlobalSection(SolutionProperties) = preSolution
		HideSolutionNode = FALSE
	EndGlobalSection
	GlobalSection(ExtensibilityGlobals) = postSolution
		SolutionGuid = {6643AB47-6554-4A76-8BB6-516FA7163055}
	EndGlobalSection
EndGlobal
